
Microsoft Visual Studio Solution File, Format Version 12.00
# Visual Studio Version 17
VisualStudioVersion = 17.6.33829.357
MinimumVisualStudioVersion = 10.0.40219.1
Project("{9A19103F-16F7-4668-BE54-9A1E7A4F7556}") = "MarketDomain", "MarketDomain\MarketDomain.csproj", "{6D13364B-E898-45E5-BC4C-F8DC8899F7AB}"
EndProject
Project("{9A19103F-16F7-4668-BE54-9A1E7A4F7556}") = "TurtleAPI", "TurtleAPI\TurtleAPI.csproj", "{E67768AE-8F67-460E-9FED-B60AB4F0D60E}"
EndProject
Project("{9A19103F-16F7-4668-BE54-9A1E7A4F7556}") = "TurtleSQL", "TurtleSQL\TurtleSQL.csproj", "{D0A19EE2-4191-47DC-80B8-D586D7BEB2C1}"
EndProject
Project("{9A19103F-16F7-4668-BE54-9A1E7A4F7556}") = "BusinessLogic", "BusinessLogic\BusinessLogic.csproj", "{D1E9CB07-3DE8-4B89-9A7A-B5C4D3EBBB8E}"
EndProject
Project("{9A19103F-16F7-4668-BE54-9A1E7A4F7556}") = "MarketSpider", "MarketSpider\MarketSpider.csproj", "{383EC02A-266E-4E6C-8C78-314B0CBDE6F8}"
EndProject
Project("{9A19103F-16F7-4668-BE54-9A1E7A4F7556}") = "LoggerModule", "..\..\Code_Library\LoggerLib\LoggerModule\LoggerModule.csproj", "{A7634E90-AD9F-43C4-986F-EA8F8F52C51E}"
EndProject
Project("{9A19103F-16F7-4668-BE54-9A1E7A4F7556}") = "ApiModule", "..\..\Code_Library\APILib\APIModule\ApiModule.csproj", "{2CD9FD1F-D309-4D59-B8DA-70CD34DB48D2}"
EndProject
Project("{9A19103F-16F7-4668-BE54-9A1E7A4F7556}") = "TestHarness", "TestHarness\TestHarness.csproj", "{3BF162BC-1304-4136-AA3E-269621F40FC1}"
EndProject
Global
	GlobalSection(SolutionConfigurationPlatforms) = preSolution
		Debug|Any CPU = Debug|Any CPU
		Release|Any CPU = Release|Any CPU
	EndGlobalSection
	GlobalSection(ProjectConfigurationPlatforms) = postSolution
		{6D13364B-E898-45E5-BC4C-F8DC8899F7AB}.Debug|Any CPU.ActiveCfg = Debug|Any CPU
		{6D13364B-E898-45E5-BC4C-F8DC8899F7AB}.Debug|Any CPU.Build.0 = Debug|Any CPU
		{6D13364B-E898-45E5-BC4C-F8DC8899F7AB}.Release|Any CPU.ActiveCfg = Release|Any CPU
		{6D13364B-E898-45E5-BC4C-F8DC8899F7AB}.Release|Any CPU.Build.0 = Release|Any CPU
		{E67768AE-8F67-460E-9FED-B60AB4F0D60E}.Debug|Any CPU.ActiveCfg = Debug|Any CPU
		{E67768AE-8F67-460E-9FED-B60AB4F0D60E}.Debug|Any CPU.Build.0 = Debug|Any CPU
		{E67768AE-8F67-460E-9FED-B60AB4F0D60E}.Release|Any CPU.ActiveCfg = Release|Any CPU
		{E67768AE-8F67-460E-9FED-B60AB4F0D60E}.Release|Any CPU.Build.0 = Release|Any CPU
		{D0A19EE2-4191-47DC-80B8-D586D7BEB2C1}.Debug|Any CPU.ActiveCfg = Debug|Any CPU
		{D0A19EE2-4191-47DC-80B8-D586D7BEB2C1}.Debug|Any CPU.Build.0 = Debug|Any CPU
		{D0A19EE2-4191-47DC-80B8-D586D7BEB2C1}.Release|Any CPU.ActiveCfg = Release|Any CPU
		{D0A19EE2-4191-47DC-80B8-D586D7BEB2C1}.Release|Any CPU.Build.0 = Release|Any CPU
		{D1E9CB07-3DE8-4B89-9A7A-B5C4D3EBBB8E}.Debug|Any CPU.ActiveCfg = Debug|Any CPU
		{D1E9CB07-3DE8-4B89-9A7A-B5C4D3EBBB8E}.Debug|Any CPU.Build.0 = Debug|Any CPU
		{D1E9CB07-3DE8-4B89-9A7A-B5C4D3EBBB8E}.Release|Any CPU.ActiveCfg = Release|Any CPU
		{D1E9CB07-3DE8-4B89-9A7A-B5C4D3EBBB8E}.Release|Any CPU.Build.0 = Release|Any CPU
		{383EC02A-266E-4E6C-8C78-314B0CBDE6F8}.Debug|Any CPU.ActiveCfg = Debug|Any CPU
		{383EC02A-266E-4E6C-8C78-314B0CBDE6F8}.Debug|Any CPU.Build.0 = Debug|Any CPU
		{383EC02A-266E-4E6C-8C78-314B0CBDE6F8}.Release|Any CPU.ActiveCfg = Release|Any CPU
		{383EC02A-266E-4E6C-8C78-314B0CBDE6F8}.Release|Any CPU.Build.0 = Release|Any CPU
		{A7634E90-AD9F-43C4-986F-EA8F8F52C51E}.Debug|Any CPU.ActiveCfg = Debug|Any CPU
		{A7634E90-AD9F-43C4-986F-EA8F8F52C51E}.Debug|Any CPU.Build.0 = Debug|Any CPU
		{A7634E90-AD9F-43C4-986F-EA8F8F52C51E}.Release|Any CPU.ActiveCfg = Release|Any CPU
		{A7634E90-AD9F-43C4-986F-EA8F8F52C51E}.Release|Any CPU.Build.0 = Release|Any CPU
		{2CD9FD1F-D309-4D59-B8DA-70CD34DB48D2}.Debug|Any CPU.ActiveCfg = Debug|Any CPU
		{2CD9FD1F-D309-4D59-B8DA-70CD34DB48D2}.Debug|Any CPU.Build.0 = Debug|Any CPU
		{2CD9FD1F-D309-4D59-B8DA-70CD34DB48D2}.Release|Any CPU.ActiveCfg = Release|Any CPU
		{2CD9FD1F-D309-4D59-B8DA-70CD34DB48D2}.Release|Any CPU.Build.0 = Release|Any CPU
		{3BF162BC-1304-4136-AA3E-269621F40FC1}.Debug|Any CPU.ActiveCfg = Debug|Any CPU
		{3BF162BC-1304-4136-AA3E-269621F40FC1}.Debug|Any CPU.Build.0 = Debug|Any CPU
		{3BF162BC-1304-4136-AA3E-269621F40FC1}.Release|Any CPU.ActiveCfg = Release|Any CPU
		{3BF162BC-1304-4136-AA3E-269621F40FC1}.Release|Any CPU.Build.0 = Release|Any CPU
	EndGlobalSection
	GlobalSection(SolutionProperties) = preSolution
		HideSolutionNode = FALSE
	EndGlobalSection
	GlobalSection(ExtensibilityGlobals) = postSolution
		SolutionGuid = {4AF6FF1D-A03A-4DE6-84F5-EB66C6B3E65B}
	EndGlobalSection
EndGlobal
